// !$*UTF8*$!
{
	archiveVersion = 1;
	classes = {
	};
	objectVersion = 50;
	objects = {

/* Begin PBXBuildFile section */
		834A483D24A5FBEF00729901 /* main.swift in Sources */ = {isa = PBXBuildFile; fileRef = 834A483C24A5FBEF00729901 /* main.swift */; };
		834A484424A5FC8900729901 /* MinimumPathSum.swift in Sources */ = {isa = PBXBuildFile; fileRef = 834A484324A5FC8900729901 /* MinimumPathSum.swift */; };
		834A484624A6167700729901 /* DecodeWays.swift in Sources */ = {isa = PBXBuildFile; fileRef = 834A484524A6167700729901 /* DecodeWays.swift */; };
		834A484A24A6F88300729901 /* MacimalSquare.swift in Sources */ = {isa = PBXBuildFile; fileRef = 834A484924A6F88300729901 /* MacimalSquare.swift */; };
		834A484C24A7577F00729901 /* TaskScheduler.swift in Sources */ = {isa = PBXBuildFile; fileRef = 834A484B24A7577F00729901 /* TaskScheduler.swift */; };
		834A484E24A75CEF00729901 /* PalindromicSubstrings.swift in Sources */ = {isa = PBXBuildFile; fileRef = 834A484D24A75CEF00729901 /* PalindromicSubstrings.swift */; };
/* End PBXBuildFile section */

/* Begin PBXCopyFilesBuildPhase section */
		834A483724A5FBEF00729901 /* CopyFiles */ = {
			isa = PBXCopyFilesBuildPhase;
			buildActionMask = 2147483647;
			dstPath = /usr/share/man/man1/;
			dstSubfolderSpec = 0;
			files = (
			);
			runOnlyForDeploymentPostprocessing = 1;
		};
/* End PBXCopyFilesBuildPhase section */

/* Begin PBXFileReference section */
		834A483924A5FBEF00729901 /* Week_06_homework */ = {isa = PBXFileReference; explicitFileType = "compiled.mach-o.executable"; includeInIndex = 0; path = Week_06_homework; sourceTree = BUILT_PRODUCTS_DIR; };
		834A483C24A5FBEF00729901 /* main.swift */ = {isa = PBXFileReference; lastKnownFileType = sourcecode.swift; path = main.swift; sourceTree = "<group>"; };
		834A484324A5FC8900729901 /* MinimumPathSum.swift */ = {isa = PBXFileReference; lastKnownFileType = sourcecode.swift; path = MinimumPathSum.swift; sourceTree = "<group>"; };
		834A484524A6167700729901 /* DecodeWays.swift */ = {isa = PBXFileReference; lastKnownFileType = sourcecode.swift; path = DecodeWays.swift; sourceTree = "<group>"; };
		834A484924A6F88300729901 /* MacimalSquare.swift */ = {isa = PBXFileReference; lastKnownFileType = sourcecode.swift; path = MacimalSquare.swift; sourceTree = "<group>"; };
		834A484B24A7577F00729901 /* TaskScheduler.swift */ = {isa = PBXFileReference; lastKnownFileType = sourcecode.swift; path = TaskScheduler.swift; sourceTree = "<group>"; };
		834A484D24A75CEF00729901 /* PalindromicSubstrings.swift */ = {isa = PBXFileReference; lastKnownFileType = sourcecode.swift; path = PalindromicSubstrings.swift; sourceTree = "<group>"; };
/* End PBXFileReference section */

/* Begin PBXFrameworksBuildPhase section */
		834A483624A5FBEF00729901 /* Frameworks */ = {
			isa = PBXFrameworksBuildPhase;
			buildActionMask = 2147483647;
			files = (
			);
			runOnlyForDeploymentPostprocessing = 0;
		};
/* End PBXFrameworksBuildPhase section */

/* Begin PBXGroup section */
		834A483024A5FBEF00729901 = {
			isa = PBXGroup;
			children = (
				834A483B24A5FBEF00729901 /* Week_06_homework */,
				834A483A24A5FBEF00729901 /* Products */,
			);
			sourceTree = "<group>";
		};
		834A483A24A5FBEF00729901 /* Products */ = {
			isa = PBXGroup;
			children = (
				834A483924A5FBEF00729901 /* Week_06_homework */,
			);
			name = Products;
			sourceTree = "<group>";
		};
		834A483B24A5FBEF00729901 /* Week_06_homework */ = {
			isa = PBXGroup;
			children = (
				834A483C24A5FBEF00729901 /* main.swift */,
				834A484324A5FC8900729901 /* MinimumPathSum.swift */,
				834A484524A6167700729901 /* DecodeWays.swift */,
				834A484924A6F88300729901 /* MacimalSquare.swift */,
				834A484B24A7577F00729901 /* TaskScheduler.swift */,
				834A484D24A75CEF00729901 /* PalindromicSubstrings.swift */,
			);
			path = Week_06_homework;
			sourceTree = "<group>";
		};
/* End PBXGroup section */

/* Begin PBXNativeTarget section */
		834A483824A5FBEF00729901 /* Week_06_homework */ = {
			isa = PBXNativeTarget;
			buildConfigurationList = 834A484024A5FBEF00729901 /* Build configuration list for PBXNativeTarget "Week_06_homework" */;
			buildPhases = (
				834A483524A5FBEF00729901 /* Sources */,
				834A483624A5FBEF00729901 /* Frameworks */,
				834A483724A5FBEF00729901 /* CopyFiles */,
			);
			buildRules = (
			);
			dependencies = (
			);
			name = Week_06_homework;
			productName = Week_06_homework;
			productReference = 834A483924A5FBEF00729901 /* Week_06_homework */;
			productType = "com.apple.product-type.tool";
		};
/* End PBXNativeTarget section */

/* Begin PBXProject section */
		834A483124A5FBEF00729901 /* Project object */ = {
			isa = PBXProject;
			attributes = {
				LastSwiftUpdateCheck = 1150;
				LastUpgradeCheck = 1150;
				ORGANIZATIONNAME = weclouds;
				TargetAttributes = {
					834A483824A5FBEF00729901 = {
						CreatedOnToolsVersion = 11.5;
					};
				};
			};
			buildConfigurationList = 834A483424A5FBEF00729901 /* Build configuration list for PBXProject "Week_06_homework" */;
			compatibilityVersion = "Xcode 9.3";
			developmentRegion = en;
			hasScannedForEncodings = 0;
			knownRegions = (
				en,
				Base,
			);
			mainGroup = 834A483024A5FBEF00729901;
			productRefGroup = 834A483A24A5FBEF00729901 /* Products */;
			projectDirPath = "";
			projectRoot = "";
			targets = (
				834A483824A5FBEF00729901 /* Week_06_homework */,
			);
		};
/* End PBXProject section */

/* Begin PBXSourcesBuildPhase section */
		834A483524A5FBEF00729901 /* Sources */ = {
			isa = PBXSourcesBuildPhase;
			buildActionMask = 2147483647;
			files = (
				834A483D24A5FBEF00729901 /* main.swift in Sources */,
				834A484424A5FC8900729901 /* MinimumPathSum.swift in Sources */,
				834A484624A6167700729901 /* DecodeWays.swift in Sources */,
				834A484C24A7577F00729901 /* TaskScheduler.swift in Sources */,
				834A484E24A75CEF00729901 /* PalindromicSubstrings.swift in Sources */,
				834A484A24A6F88300729901 /* MacimalSquare.swift in Sources */,
			);
			runOnlyForDeploymentPostprocessing = 0;
		};
/* End PBXSourcesBuildPhase section */

/* Begin XCBuildConfiguration section */
		834A483E24A5FBEF00729901 /* Debug */ = {
			isa = XCBuildConfiguration;
			buildSettings = {
				ALWAYS_SEARCH_USER_PATHS = NO;
				CLANG_ANALYZER_NONNULL = YES;
				CLANG_ANALYZER_NUMBER_OBJECT_CONVERSION = YES_AGGRESSIVE;
				CLANG_CXX_LANGUAGE_STANDARD = "gnu++14";
				CLANG_CXX_LIBRARY = "libc++";
				CLANG_ENABLE_MODULES = YES;
				CLANG_ENABLE_OBJC_ARC = YES;
				CLANG_ENABLE_OBJC_WEAK = YES;
				CLANG_WARN_BLOCK_CAPTURE_AUTORELEASING = YES;
				CLANG_WARN_BOOL_CONVERSION = YES;
				CLANG_WARN_COMMA = YES;
				CLANG_WARN_CONSTANT_CONVERSION = YES;
				CLANG_WARN_DEPRECATED_OBJC_IMPLEMENTATIONS = YES;
				CLANG_WARN_DIRECT_OBJC_ISA_USAGE = YES_ERROR;
				CLANG_WARN_DOCUMENTATION_COMMENTS = YES;
				CLANG_WARN_EMPTY_BODY = YES;
				CLANG_WARN_ENUM_CONVERSION = YES;
				CLANG_WARN_INFINITE_RECURSION = YES;
				CLANG_WARN_INT_CONVERSION = YES;
				CLANG_WARN_NON_LITERAL_NULL_CONVERSION = YES;
				CLANG_WARN_OBJC_IMPLICIT_RETAIN_SELF = YES;
				CLANG_WARN_OBJC_LITERAL_CONVERSION = YES;
				CLANG_WARN_OBJC_ROOT_CLASS = YES_ERROR;
				CLANG_WARN_RANGE_LOOP_ANALYSIS = YES;
				CLANG_WARN_STRICT_PROTOTYPES = YES;
				CLANG_WARN_SUSPICIOUS_MOVE = YES;
				CLANG_WARN_UNGUARDED_AVAILABILITY = YES_AGGRESSIVE;
				CLANG_WARN_UNREACHABLE_CODE = YES;
				CLANG_WARN__DUPLICATE_METHOD_MATCH = YES;
				COPY_PHASE_STRIP = NO;
				DEBUG_INFORMATION_FORMAT = dwarf;
				ENABLE_STRICT_OBJC_MSGSEND = YES;
				ENABLE_TESTABILITY = YES;
				GCC_C_LANGUAGE_STANDARD = gnu11;
				GCC_DYNAMIC_NO_PIC = NO;
				GCC_NO_COMMON_BLOCKS = YES;
				GCC_OPTIMIZATION_LEVEL = 0;
				GCC_PREPROCESSOR_DEFINITIONS = (
					"DEBUG=1",
					"$(inherited)",
				);
				GCC_WARN_64_TO_32_BIT_CONVERSION = YES;
				GCC_WARN_ABOUT_RETURN_TYPE = YES_ERROR;
				GCC_WARN_UNDECLARED_SELECTOR = YES;
				GCC_WARN_UNINITIALIZED_AUTOS = YES_AGGRESSIVE;
				GCC_WARN_UNUSED_FUNCTION = YES;
				GCC_WARN_UNUSED_VARIABLE = YES;
				MACOSX_DEPLOYMENT_TARGET = 10.15;
				MTL_ENABLE_DEBUG_INFO = INCLUDE_SOURCE;
				MTL_FAST_MATH = YES;
				ONLY_ACTIVE_ARCH = YES;
				SDKROOT = macosx;
				SWIFT_ACTIVE_COMPILATION_CONDITIONS = DEBUG;
				SWIFT_OPTIMIZATION_LEVEL = "-Onone";
			};
			name = Debug;
		};
		834A483F24A5FBEF00729901 /* Release */ = {
			isa = XCBuildConfiguration;
			buildSettings = {
				ALWAYS_SEARCH_USER_PATHS = NO;
				CLANG_ANALYZER_NONNULL = YES;
				CLANG_ANALYZER_NUMBER_OBJECT_CONVERSION = YES_AGGRESSIVE;
				CLANG_CXX_LANGUAGE_STANDARD = "gnu++14";
				CLANG_CXX_LIBRARY = "libc++";
				CLANG_ENABLE_MODULES = YES;
				CLANG_ENABLE_OBJC_ARC = YES;
				CLANG_ENABLE_OBJC_WEAK = YES;
				CLANG_WARN_BLOCK_CAPTURE_AUTORELEASING = YES;
				CLANG_WARN_BOOL_CONVERSION = YES;
				CLANG_WARN_COMMA = YES;
				CLANG_WARN_CONSTANT_CONVERSION = YES;
				CLANG_WARN_DEPRECATED_OBJC_IMPLEMENTATIONS = YES;
				CLANG_WARN_DIRECT_OBJC_ISA_USAGE = YES_ERROR;
				CLANG_WARN_DOCUMENTATION_COMMENTS = YES;
				CLANG_WARN_EMPTY_BODY = YES;
				CLANG_WARN_ENUM_CONVERSION = YES;
				CLANG_WARN_INFINITE_RECURSION = YES;
				CLANG_WARN_INT_CONVERSION = YES;
				CLANG_WARN_NON_LITERAL_NULL_CONVERSION = YES;
				CLANG_WARN_OBJC_IMPLICIT_RETAIN_SELF = YES;
				CLANG_WARN_OBJC_LITERAL_CONVERSION = YES;
				CLANG_WARN_OBJC_ROOT_CLASS = YES_ERROR;
				CLANG_WARN_RANGE_LOOP_ANALYSIS = YES;
				CLANG_WARN_STRICT_PROTOTYPES = YES;
				CLANG_WARN_SUSPICIOUS_MOVE = YES;
				CLANG_WARN_UNGUARDED_AVAILABILITY = YES_AGGRESSIVE;
				CLANG_WARN_UNREACHABLE_CODE = YES;
				CLANG_WARN__DUPLICATE_METHOD_MATCH = YES;
				COPY_PHASE_STRIP = NO;
				DEBUG_INFORMATION_FORMAT = "dwarf-with-dsym";
				ENABLE_NS_ASSERTIONS = NO;
				ENABLE_STRICT_OBJC_MSGSEND = YES;
				GCC_C_LANGUAGE_STANDARD = gnu11;
				GCC_NO_COMMON_BLOCKS = YES;
				GCC_WARN_64_TO_32_BIT_CONVERSION = YES;
				GCC_WARN_ABOUT_RETURN_TYPE = YES_ERROR;
				GCC_WARN_UNDECLARED_SELECTOR = YES;
				GCC_WARN_UNINITIALIZED_AUTOS = YES_AGGRESSIVE;
				GCC_WARN_UNUSED_FUNCTION = YES;
				GCC_WARN_UNUSED_VARIABLE = YES;
				MACOSX_DEPLOYMENT_TARGET = 10.15;
				MTL_ENABLE_DEBUG_INFO = NO;
				MTL_FAST_MATH = YES;
				SDKROOT = macosx;
				SWIFT_COMPILATION_MODE = wholemodule;
				SWIFT_OPTIMIZATION_LEVEL = "-O";
			};
			name = Release;
		};
		834A484124A5FBEF00729901 /* Debug */ = {
			isa = XCBuildConfiguration;
			buildSettings = {
				CODE_SIGN_STYLE = Automatic;
				DEVELOPMENT_TEAM = Z2JRYT74ST;
				ENABLE_HARDENED_RUNTIME = YES;
				PRODUCT_NAME = "$(TARGET_NAME)";
				SWIFT_VERSION = 5.0;
			};
			name = Debug;
		};
		834A484224A5FBEF00729901 /* Release */ = {
			isa = XCBuildConfiguration;
			buildSettings = {
				CODE_SIGN_STYLE = Automatic;
				DEVELOPMENT_TEAM = Z2JRYT74ST;
				ENABLE_HARDENED_RUNTIME = YES;
				PRODUCT_NAME = "$(TARGET_NAME)";
				SWIFT_VERSION = 5.0;
			};
			name = Release;
		};
/* End XCBuildConfiguration section */

/* Begin XCConfigurationList section */
		834A483424A5FBEF00729901 /* Build configuration list for PBXProject "Week_06_homework" */ = {
			isa = XCConfigurationList;
			buildConfigurations = (
				834A483E24A5FBEF00729901 /* Debug */,
				834A483F24A5FBEF00729901 /* Release */,
			);
			defaultConfigurationIsVisible = 0;
			defaultConfigurationName = Release;
		};
		834A484024A5FBEF00729901 /* Build configuration list for PBXNativeTarget "Week_06_homework" */ = {
			isa = XCConfigurationList;
			buildConfigurations = (
				834A484124A5FBEF00729901 /* Debug */,
				834A484224A5FBEF00729901 /* Release */,
			);
			defaultConfigurationIsVisible = 0;
			defaultConfigurationName = Release;
		};
/* End XCConfigurationList section */
	};
	rootObject = 834A483124A5FBEF00729901 /* Project object */;
}
