// !$*UTF8*$!
{
	archiveVersion = 1;
	classes = {
	};
	objectVersion = 50;
	objects = {

/* Begin PBXBuildFile section */
		832B3B782472238B007052DB /* main.swift in Sources */ = {isa = PBXBuildFile; fileRef = 832B3B772472238B007052DB /* main.swift */; };
		832B3B7F247223D0007052DB /* RemoveDuplicates.swift in Sources */ = {isa = PBXBuildFile; fileRef = 832B3B7E247223D0007052DB /* RemoveDuplicates.swift */; };
		832B3B8424726266007052DB /* Rotate.swift in Sources */ = {isa = PBXBuildFile; fileRef = 832B3B8324726266007052DB /* Rotate.swift */; };
		832B3B86247286A8007052DB /* Merge_Two_Sorted_Lists.swift in Sources */ = {isa = PBXBuildFile; fileRef = 832B3B85247286A8007052DB /* Merge_Two_Sorted_Lists.swift */; };
		832B3B8824728CC4007052DB /* Merge_Sorted_Array.swift in Sources */ = {isa = PBXBuildFile; fileRef = 832B3B8724728CC4007052DB /* Merge_Sorted_Array.swift */; };
		8348CC482473730700587FC7 /* TwoSum.swift in Sources */ = {isa = PBXBuildFile; fileRef = 8348CC472473730700587FC7 /* TwoSum.swift */; };
		8348CC4A2473839500587FC7 /* MoveZeroes.swift in Sources */ = {isa = PBXBuildFile; fileRef = 8348CC492473839500587FC7 /* MoveZeroes.swift */; };
		8348CC4C247390A100587FC7 /* PlusOne.swift in Sources */ = {isa = PBXBuildFile; fileRef = 8348CC4B247390A100587FC7 /* PlusOne.swift */; };
		8348CC4E2473BF1800587FC7 /* MyCircularDeque.swift in Sources */ = {isa = PBXBuildFile; fileRef = 8348CC4D2473BF1800587FC7 /* MyCircularDeque.swift */; };
/* End PBXBuildFile section */

/* Begin PBXCopyFilesBuildPhase section */
		832B3B722472238A007052DB /* CopyFiles */ = {
			isa = PBXCopyFilesBuildPhase;
			buildActionMask = 2147483647;
			dstPath = /usr/share/man/man1/;
			dstSubfolderSpec = 0;
			files = (
			);
			runOnlyForDeploymentPostprocessing = 1;
		};
/* End PBXCopyFilesBuildPhase section */

/* Begin PBXFileReference section */
		832B3B742472238B007052DB /* Week_01_Homework */ = {isa = PBXFileReference; explicitFileType = "compiled.mach-o.executable"; includeInIndex = 0; path = Week_01_Homework; sourceTree = BUILT_PRODUCTS_DIR; };
		832B3B772472238B007052DB /* main.swift */ = {isa = PBXFileReference; lastKnownFileType = sourcecode.swift; path = main.swift; sourceTree = "<group>"; };
		832B3B7E247223D0007052DB /* RemoveDuplicates.swift */ = {isa = PBXFileReference; lastKnownFileType = sourcecode.swift; path = RemoveDuplicates.swift; sourceTree = "<group>"; };
		832B3B8324726266007052DB /* Rotate.swift */ = {isa = PBXFileReference; lastKnownFileType = sourcecode.swift; path = Rotate.swift; sourceTree = "<group>"; };
		832B3B85247286A8007052DB /* Merge_Two_Sorted_Lists.swift */ = {isa = PBXFileReference; lastKnownFileType = sourcecode.swift; path = Merge_Two_Sorted_Lists.swift; sourceTree = "<group>"; };
		832B3B8724728CC4007052DB /* Merge_Sorted_Array.swift */ = {isa = PBXFileReference; lastKnownFileType = sourcecode.swift; path = Merge_Sorted_Array.swift; sourceTree = "<group>"; };
		8348CC472473730700587FC7 /* TwoSum.swift */ = {isa = PBXFileReference; lastKnownFileType = sourcecode.swift; path = TwoSum.swift; sourceTree = "<group>"; };
		8348CC492473839500587FC7 /* MoveZeroes.swift */ = {isa = PBXFileReference; lastKnownFileType = sourcecode.swift; path = MoveZeroes.swift; sourceTree = "<group>"; };
		8348CC4B247390A100587FC7 /* PlusOne.swift */ = {isa = PBXFileReference; lastKnownFileType = sourcecode.swift; path = PlusOne.swift; sourceTree = "<group>"; };
		8348CC4D2473BF1800587FC7 /* MyCircularDeque.swift */ = {isa = PBXFileReference; lastKnownFileType = sourcecode.swift; path = MyCircularDeque.swift; sourceTree = "<group>"; };
/* End PBXFileReference section */

/* Begin PBXFrameworksBuildPhase section */
		832B3B712472238A007052DB /* Frameworks */ = {
			isa = PBXFrameworksBuildPhase;
			buildActionMask = 2147483647;
			files = (
			);
			runOnlyForDeploymentPostprocessing = 0;
		};
/* End PBXFrameworksBuildPhase section */

/* Begin PBXGroup section */
		832B3B6B2472238A007052DB = {
			isa = PBXGroup;
			children = (
				832B3B762472238B007052DB /* Week_01_Homework */,
				832B3B752472238B007052DB /* Products */,
			);
			sourceTree = "<group>";
		};
		832B3B752472238B007052DB /* Products */ = {
			isa = PBXGroup;
			children = (
				832B3B742472238B007052DB /* Week_01_Homework */,
			);
			name = Products;
			sourceTree = "<group>";
		};
		832B3B762472238B007052DB /* Week_01_Homework */ = {
			isa = PBXGroup;
			children = (
				832B3B772472238B007052DB /* main.swift */,
				832B3B7E247223D0007052DB /* RemoveDuplicates.swift */,
				832B3B8324726266007052DB /* Rotate.swift */,
				832B3B85247286A8007052DB /* Merge_Two_Sorted_Lists.swift */,
				832B3B8724728CC4007052DB /* Merge_Sorted_Array.swift */,
				8348CC472473730700587FC7 /* TwoSum.swift */,
				8348CC492473839500587FC7 /* MoveZeroes.swift */,
				8348CC4B247390A100587FC7 /* PlusOne.swift */,
				8348CC4D2473BF1800587FC7 /* MyCircularDeque.swift */,
			);
			path = Week_01_Homework;
			sourceTree = "<group>";
		};
/* End PBXGroup section */

/* Begin PBXNativeTarget section */
		832B3B732472238A007052DB /* Week_01_Homework */ = {
			isa = PBXNativeTarget;
			buildConfigurationList = 832B3B7B2472238B007052DB /* Build configuration list for PBXNativeTarget "Week_01_Homework" */;
			buildPhases = (
				832B3B702472238A007052DB /* Sources */,
				832B3B712472238A007052DB /* Frameworks */,
				832B3B722472238A007052DB /* CopyFiles */,
			);
			buildRules = (
			);
			dependencies = (
			);
			name = Week_01_Homework;
			productName = Week_01_Homework;
			productReference = 832B3B742472238B007052DB /* Week_01_Homework */;
			productType = "com.apple.product-type.tool";
		};
/* End PBXNativeTarget section */

/* Begin PBXProject section */
		832B3B6C2472238A007052DB /* Project object */ = {
			isa = PBXProject;
			attributes = {
				LastSwiftUpdateCheck = 1130;
				LastUpgradeCheck = 1130;
				ORGANIZATIONNAME = weclouds;
				TargetAttributes = {
					832B3B732472238A007052DB = {
						CreatedOnToolsVersion = 11.3.1;
					};
				};
			};
			buildConfigurationList = 832B3B6F2472238A007052DB /* Build configuration list for PBXProject "Week_01_Homework" */;
			compatibilityVersion = "Xcode 9.3";
			developmentRegion = en;
			hasScannedForEncodings = 0;
			knownRegions = (
				en,
				Base,
			);
			mainGroup = 832B3B6B2472238A007052DB;
			productRefGroup = 832B3B752472238B007052DB /* Products */;
			projectDirPath = "";
			projectRoot = "";
			targets = (
				832B3B732472238A007052DB /* Week_01_Homework */,
			);
		};
/* End PBXProject section */

/* Begin PBXSourcesBuildPhase section */
		832B3B702472238A007052DB /* Sources */ = {
			isa = PBXSourcesBuildPhase;
			buildActionMask = 2147483647;
			files = (
				8348CC4A2473839500587FC7 /* MoveZeroes.swift in Sources */,
				832B3B782472238B007052DB /* main.swift in Sources */,
				832B3B8824728CC4007052DB /* Merge_Sorted_Array.swift in Sources */,
				8348CC4E2473BF1800587FC7 /* MyCircularDeque.swift in Sources */,
				8348CC482473730700587FC7 /* TwoSum.swift in Sources */,
				832B3B8424726266007052DB /* Rotate.swift in Sources */,
				832B3B7F247223D0007052DB /* RemoveDuplicates.swift in Sources */,
				8348CC4C247390A100587FC7 /* PlusOne.swift in Sources */,
				832B3B86247286A8007052DB /* Merge_Two_Sorted_Lists.swift in Sources */,
			);
			runOnlyForDeploymentPostprocessing = 0;
		};
/* End PBXSourcesBuildPhase section */

/* Begin XCBuildConfiguration section */
		832B3B792472238B007052DB /* Debug */ = {
			isa = XCBuildConfiguration;
			buildSettings = {
				ALWAYS_SEARCH_USER_PATHS = NO;
				CLANG_ANALYZER_NONNULL = YES;
				CLANG_ANALYZER_NUMBER_OBJECT_CONVERSION = YES_AGGRESSIVE;
				CLANG_CXX_LANGUAGE_STANDARD = "gnu++14";
				CLANG_CXX_LIBRARY = "libc++";
				CLANG_ENABLE_MODULES = YES;
				CLANG_ENABLE_OBJC_ARC = YES;
				CLANG_ENABLE_OBJC_WEAK = YES;
				CLANG_WARN_BLOCK_CAPTURE_AUTORELEASING = YES;
				CLANG_WARN_BOOL_CONVERSION = YES;
				CLANG_WARN_COMMA = YES;
				CLANG_WARN_CONSTANT_CONVERSION = YES;
				CLANG_WARN_DEPRECATED_OBJC_IMPLEMENTATIONS = YES;
				CLANG_WARN_DIRECT_OBJC_ISA_USAGE = YES_ERROR;
				CLANG_WARN_DOCUMENTATION_COMMENTS = YES;
				CLANG_WARN_EMPTY_BODY = YES;
				CLANG_WARN_ENUM_CONVERSION = YES;
				CLANG_WARN_INFINITE_RECURSION = YES;
				CLANG_WARN_INT_CONVERSION = YES;
				CLANG_WARN_NON_LITERAL_NULL_CONVERSION = YES;
				CLANG_WARN_OBJC_IMPLICIT_RETAIN_SELF = YES;
				CLANG_WARN_OBJC_LITERAL_CONVERSION = YES;
				CLANG_WARN_OBJC_ROOT_CLASS = YES_ERROR;
				CLANG_WARN_RANGE_LOOP_ANALYSIS = YES;
				CLANG_WARN_STRICT_PROTOTYPES = YES;
				CLANG_WARN_SUSPICIOUS_MOVE = YES;
				CLANG_WARN_UNGUARDED_AVAILABILITY = YES_AGGRESSIVE;
				CLANG_WARN_UNREACHABLE_CODE = YES;
				CLANG_WARN__DUPLICATE_METHOD_MATCH = YES;
				COPY_PHASE_STRIP = NO;
				DEBUG_INFORMATION_FORMAT = dwarf;
				ENABLE_STRICT_OBJC_MSGSEND = YES;
				ENABLE_TESTABILITY = YES;
				GCC_C_LANGUAGE_STANDARD = gnu11;
				GCC_DYNAMIC_NO_PIC = NO;
				GCC_NO_COMMON_BLOCKS = YES;
				GCC_OPTIMIZATION_LEVEL = 0;
				GCC_PREPROCESSOR_DEFINITIONS = (
					"DEBUG=1",
					"$(inherited)",
				);
				GCC_WARN_64_TO_32_BIT_CONVERSION = YES;
				GCC_WARN_ABOUT_RETURN_TYPE = YES_ERROR;
				GCC_WARN_UNDECLARED_SELECTOR = YES;
				GCC_WARN_UNINITIALIZED_AUTOS = YES_AGGRESSIVE;
				GCC_WARN_UNUSED_FUNCTION = YES;
				GCC_WARN_UNUSED_VARIABLE = YES;
				MACOSX_DEPLOYMENT_TARGET = 10.15;
				MTL_ENABLE_DEBUG_INFO = INCLUDE_SOURCE;
				MTL_FAST_MATH = YES;
				ONLY_ACTIVE_ARCH = YES;
				SDKROOT = macosx;
				SWIFT_ACTIVE_COMPILATION_CONDITIONS = DEBUG;
				SWIFT_OPTIMIZATION_LEVEL = "-Onone";
			};
			name = Debug;
		};
		832B3B7A2472238B007052DB /* Release */ = {
			isa = XCBuildConfiguration;
			buildSettings = {
				ALWAYS_SEARCH_USER_PATHS = NO;
				CLANG_ANALYZER_NONNULL = YES;
				CLANG_ANALYZER_NUMBER_OBJECT_CONVERSION = YES_AGGRESSIVE;
				CLANG_CXX_LANGUAGE_STANDARD = "gnu++14";
				CLANG_CXX_LIBRARY = "libc++";
				CLANG_ENABLE_MODULES = YES;
				CLANG_ENABLE_OBJC_ARC = YES;
				CLANG_ENABLE_OBJC_WEAK = YES;
				CLANG_WARN_BLOCK_CAPTURE_AUTORELEASING = YES;
				CLANG_WARN_BOOL_CONVERSION = YES;
				CLANG_WARN_COMMA = YES;
				CLANG_WARN_CONSTANT_CONVERSION = YES;
				CLANG_WARN_DEPRECATED_OBJC_IMPLEMENTATIONS = YES;
				CLANG_WARN_DIRECT_OBJC_ISA_USAGE = YES_ERROR;
				CLANG_WARN_DOCUMENTATION_COMMENTS = YES;
				CLANG_WARN_EMPTY_BODY = YES;
				CLANG_WARN_ENUM_CONVERSION = YES;
				CLANG_WARN_INFINITE_RECURSION = YES;
				CLANG_WARN_INT_CONVERSION = YES;
				CLANG_WARN_NON_LITERAL_NULL_CONVERSION = YES;
				CLANG_WARN_OBJC_IMPLICIT_RETAIN_SELF = YES;
				CLANG_WARN_OBJC_LITERAL_CONVERSION = YES;
				CLANG_WARN_OBJC_ROOT_CLASS = YES_ERROR;
				CLANG_WARN_RANGE_LOOP_ANALYSIS = YES;
				CLANG_WARN_STRICT_PROTOTYPES = YES;
				CLANG_WARN_SUSPICIOUS_MOVE = YES;
				CLANG_WARN_UNGUARDED_AVAILABILITY = YES_AGGRESSIVE;
				CLANG_WARN_UNREACHABLE_CODE = YES;
				CLANG_WARN__DUPLICATE_METHOD_MATCH = YES;
				COPY_PHASE_STRIP = NO;
				DEBUG_INFORMATION_FORMAT = "dwarf-with-dsym";
				ENABLE_NS_ASSERTIONS = NO;
				ENABLE_STRICT_OBJC_MSGSEND = YES;
				GCC_C_LANGUAGE_STANDARD = gnu11;
				GCC_NO_COMMON_BLOCKS = YES;
				GCC_WARN_64_TO_32_BIT_CONVERSION = YES;
				GCC_WARN_ABOUT_RETURN_TYPE = YES_ERROR;
				GCC_WARN_UNDECLARED_SELECTOR = YES;
				GCC_WARN_UNINITIALIZED_AUTOS = YES_AGGRESSIVE;
				GCC_WARN_UNUSED_FUNCTION = YES;
				GCC_WARN_UNUSED_VARIABLE = YES;
				MACOSX_DEPLOYMENT_TARGET = 10.15;
				MTL_ENABLE_DEBUG_INFO = NO;
				MTL_FAST_MATH = YES;
				SDKROOT = macosx;
				SWIFT_COMPILATION_MODE = wholemodule;
				SWIFT_OPTIMIZATION_LEVEL = "-O";
			};
			name = Release;
		};
		832B3B7C2472238B007052DB /* Debug */ = {
			isa = XCBuildConfiguration;
			buildSettings = {
				CODE_SIGN_STYLE = Automatic;
				DEVELOPMENT_TEAM = XX76ZRB47G;
				ENABLE_HARDENED_RUNTIME = YES;
				PRODUCT_NAME = "$(TARGET_NAME)";
				SWIFT_VERSION = 5.0;
			};
			name = Debug;
		};
		832B3B7D2472238B007052DB /* Release */ = {
			isa = XCBuildConfiguration;
			buildSettings = {
				CODE_SIGN_STYLE = Automatic;
				DEVELOPMENT_TEAM = XX76ZRB47G;
				ENABLE_HARDENED_RUNTIME = YES;
				PRODUCT_NAME = "$(TARGET_NAME)";
				SWIFT_VERSION = 5.0;
			};
			name = Release;
		};
/* End XCBuildConfiguration section */

/* Begin XCConfigurationList section */
		832B3B6F2472238A007052DB /* Build configuration list for PBXProject "Week_01_Homework" */ = {
			isa = XCConfigurationList;
			buildConfigurations = (
				832B3B792472238B007052DB /* Debug */,
				832B3B7A2472238B007052DB /* Release */,
			);
			defaultConfigurationIsVisible = 0;
			defaultConfigurationName = Release;
		};
		832B3B7B2472238B007052DB /* Build configuration list for PBXNativeTarget "Week_01_Homework" */ = {
			isa = XCConfigurationList;
			buildConfigurations = (
				832B3B7C2472238B007052DB /* Debug */,
				832B3B7D2472238B007052DB /* Release */,
			);
			defaultConfigurationIsVisible = 0;
			defaultConfigurationName = Release;
		};
/* End XCConfigurationList section */
	};
	rootObject = 832B3B6C2472238A007052DB /* Project object */;
}
